<?xml version="1.0" encoding="utf-8"?>
<Project ToolsVersion="4.0" xmlns="http://schemas.microsoft.com/developer/msbuild/2003">
  <ItemGroup>
    <Filter Include="Source Files">
      <UniqueIdentifier>{4FC737F1-C7A5-4376-A066-2A32D752A2FF}</UniqueIdentifier>
      <Extensions>qml;cpp;c;cc;cxx;def;odl;idl;hpj;bat;asm;asmx</Extensions>
    </Filter>
    <Filter Include="Header Files">
      <UniqueIdentifier>{93995380-89BD-4b04-88EB-625FBE52EBFB}</UniqueIdentifier>
      <Extensions>h;hh;hpp;hxx;hm;inl;inc;xsd</Extensions>
    </Filter>
    <Filter Include="Resource Files">
      <UniqueIdentifier>{67DA6AB6-F800-4c08-8B7A-83BB121AAD01}</UniqueIdentifier>
      <Extensions>qrc;rc;ico;cur;bmp;dlg;rc2;rct;bin;rgs;gif;jpg;jpeg;jpe;resx;tiff;tif;png;wav;mfcribbon-ms</Extensions>
    </Filter>
    <Filter Include="Form Files">
      <UniqueIdentifier>{99349809-55BA-4b9d-BF79-8FDBB0286EB3}</UniqueIdentifier>
      <Extensions>ui</Extensions>
    </Filter>
    <Filter Include="Translation Files">
      <UniqueIdentifier>{639EADAA-A684-42e4-A9AD-28FC9BCB8F7C}</UniqueIdentifier>
      <Extensions>ts</Extensions>
    </Filter>
    <Filter Include="Source Files\Logic">
      <UniqueIdentifier>{4cd5f79c-1a3f-4a30-9e45-1d5d5f27effd}</UniqueIdentifier>
    </Filter>
    <Filter Include="Header Files\Logic">
      <UniqueIdentifier>{57632cfc-6385-4dee-92dd-9295d2936294}</UniqueIdentifier>
    </Filter>
  </ItemGroup>
  <ItemGroup>
    <QtRcc Include="Resource Files\Simplex_Method_GUI.qrc">
      <Filter>Resource Files</Filter>
    </QtRcc>
  </ItemGroup>
  <ItemGroup>
    <QtUic Include="Form Files\Simplex_Method_GUI.ui">
      <Filter>Form Files</Filter>
    </QtUic>
    <QtUic Include="Objetive.ui">
      <Filter>Form Files</Filter>
    </QtUic>
    <QtUic Include="Setter.ui">
      <Filter>Form Files</Filter>
    </QtUic>
    <QtUic Include="Boxes.ui">
      <Filter>Form Files</Filter>
    </QtUic>
    <QtUic Include="Rest_boxes.ui">
      <Filter>Form Files</Filter>
    </QtUic>
    <QtUic Include="Final_solution.ui">
      <Filter>Form Files</Filter>
    </QtUic>
  </ItemGroup>
  <ItemGroup>
    <ClCompile Include="Source Files\main.cpp">
      <Filter>Source Files</Filter>
    </ClCompile>
    <ClCompile Include="Source Files\Simplex_Method_GUI.cpp">
      <Filter>Source Files</Filter>
    </ClCompile>
    <ClCompile Include="Source Files\Logic\Matrix.cpp">
      <Filter>Source Files\Logic</Filter>
    </ClCompile>
    <ClCompile Include="Source Files\Logic\Maximization.cpp">
      <Filter>Source Files\Logic</Filter>
    </ClCompile>
    <ClCompile Include="Source Files\Logic\Minimization.cpp">
      <Filter>Source Files\Logic</Filter>
    </ClCompile>
    <ClCompile Include="Objetive.cpp">
      <Filter>Source Files</Filter>
    </ClCompile>
    <ClCompile Include="Setter.cpp">
      <Filter>Source Files</Filter>
    </ClCompile>
    <ClCompile Include="Boxes.cpp">
      <Filter>Source Files</Filter>
    </ClCompile>
    <ClCompile Include="Rest_boxes.cpp">
      <Filter>Source Files</Filter>
    </ClCompile>
    <ClCompile Include="Final_solution.cpp">
      <Filter>Source Files</Filter>
    </ClCompile>
  </ItemGroup>
  <ItemGroup>
    <ClInclude Include="Header Files\Logic\Matrix.h">
      <Filter>Header Files\Logic</Filter>
    </ClInclude>
    <ClInclude Include="Header Files\Logic\Maximization.h">
      <Filter>Header Files\Logic</Filter>
    </ClInclude>
    <ClInclude Include="Header Files\Logic\Minimization.h">
      <Filter>Header Files\Logic</Filter>
    </ClInclude>
    <ClInclude Include="Iteration.h">
      <Filter>Header Files</Filter>
    </ClInclude>
  </ItemGroup>
  <ItemGroup>
    <QtMoc Include="Header Files\Simplex_Method_GUI.h">
      <Filter>Header Files</Filter>
    </QtMoc>
    <QtMoc Include="Objetive.h">
      <Filter>Header Files</Filter>
    </QtMoc>
    <QtMoc Include="Setter.h">
      <Filter>Header Files</Filter>
    </QtMoc>
    <QtMoc Include="Boxes.h">
      <Filter>Header Files</Filter>
    </QtMoc>
    <QtMoc Include="Rest_boxes.h">
      <Filter>Header Files</Filter>
    </QtMoc>
    <QtMoc Include="Final_solution.h">
      <Filter>Header Files</Filter>
    </QtMoc>
  </ItemGroup>
  <ItemGroup>
    <None Include="cpp.hint" />
  </ItemGroup>
</Project>